
Microsoft Visual Studio Solution File, Format Version 12.00
# Visual Studio Version 16
VisualStudioVersion = 16.0.31911.196
MinimumVisualStudioVersion = 10.0.40219.1
Project("{FAE04EC0-301F-11D3-BF4B-00C04F79EFBC}") = "ScratchToCSharpTranspiler", "ScratchToCSharpTranspiler\ScratchToCSharpTranspiler.csproj", "{78B203CE-E62C-4E58-9487-5CD8B6129FB0}"
EndProject
Global
	GlobalSection(SolutionConfigurationPlatforms) = preSolution
		Debug|Any CPU = Debug|Any CPU
		Release|Any CPU = Release|Any CPU
	EndGlobalSection
	GlobalSection(ProjectConfigurationPlatforms) = postSolution
		{78B203CE-E62C-4E58-9487-5CD8B6129FB0}.Debug|Any CPU.ActiveCfg = Debug|Any CPU
		{78B203CE-E62C-4E58-9487-5CD8B6129FB0}.Debug|Any CPU.Build.0 = Debug|Any CPU
		{78B203CE-E62C-4E58-9487-5CD8B6129FB0}.Release|Any CPU.ActiveCfg = Release|Any CPU
		{78B203CE-E62C-4E58-9487-5CD8B6129FB0}.Release|Any CPU.Build.0 = Release|Any CPU
	EndGlobalSection
	GlobalSection(SolutionProperties) = preSolution
		HideSolutionNode = FALSE
	EndGlobalSection
	GlobalSection(ExtensibilityGlobals) = postSolution
		SolutionGuid = {F41AE965-CE3C-4EF1-8368-561751A83A03}
	EndGlobalSection
EndGlobal
